
Microsoft Visual Studio Solution File, Format Version 12.00
# Visual Studio Version 17
VisualStudioVersion = 17.6.33829.357
MinimumVisualStudioVersion = 10.0.40219.1
Project("{FAE04EC0-301F-11D3-BF4B-00C04F79EFBC}") = "KeyboardCleaner", "KeyboardCleaner.csproj", "{24E00345-0031-4583-88BF-D1A10B7169CD}"
EndProject
Global
	GlobalSection(SolutionConfigurationPlatforms) = preSolution
		Debug|Any CPU = Debug|Any CPU
		Release|Any CPU = Release|Any CPU
	EndGlobalSection
	GlobalSection(ProjectConfigurationPlatforms) = postSolution
		{24E00345-0031-4583-88BF-D1A10B7169CD}.Debug|Any CPU.ActiveCfg = Debug|Any CPU
		{24E00345-0031-4583-88BF-D1A10B7169CD}.Debug|Any CPU.Build.0 = Debug|Any CPU
		{24E00345-0031-4583-88BF-D1A10B7169CD}.Release|Any CPU.ActiveCfg = Release|Any CPU
		{24E00345-0031-4583-88BF-D1A10B7169CD}.Release|Any CPU.Build.0 = Release|Any CPU
	EndGlobalSection
	GlobalSection(SolutionProperties) = preSolution
		HideSolutionNode = FALSE
	EndGlobalSection
	GlobalSection(ExtensibilityGlobals) = postSolution
		SolutionGuid = {6FAF012B-2EBC-4369-A27C-C7ABAEA8428A}
	EndGlobalSection
EndGlobal
